
Microsoft Visual Studio Solution File, Format Version 12.00
# Visual Studio 2013
VisualStudioVersion = 12.0.31101.0
MinimumVisualStudioVersion = 10.0.40219.1
Project("{FAE04EC0-301F-11D3-BF4B-00C04F79EFBC}") = "Cryptography", "Cryptography.csproj", "{DA2E23C0-A969-435A-B706-DF4A52909492}"
EndProject
Project("{2150E333-8FDC-42A3-9474-1A3956D46DE8}") = ".nuget", ".nuget", "{E7E3C165-CAFE-4612-BE99-593CFA9CDE82}"
	ProjectSection(SolutionItems) = preProject
		.nuget\packages.config = .nuget\packages.config
	EndProjectSection
EndProject
Project("{FAE04EC0-301F-11D3-BF4B-00C04F79EFBC}") = "BitShuffle", "..\BitShuffle\BitShuffle\BitShuffle.csproj", "{358F9472-E875-4CBC-82A6-CDAF3835966F}"
EndProject
Global
	GlobalSection(SolutionConfigurationPlatforms) = preSolution
		CD_ROM|Any CPU = CD_ROM|Any CPU
		Debug|Any CPU = Debug|Any CPU
		DVD-5|Any CPU = DVD-5|Any CPU
		Release|Any CPU = Release|Any CPU
		SingleImage|Any CPU = SingleImage|Any CPU
	EndGlobalSection
	GlobalSection(ProjectConfigurationPlatforms) = postSolution
		{DA2E23C0-A969-435A-B706-DF4A52909492}.CD_ROM|Any CPU.ActiveCfg = Release|Any CPU
		{DA2E23C0-A969-435A-B706-DF4A52909492}.CD_ROM|Any CPU.Build.0 = Release|Any CPU
		{DA2E23C0-A969-435A-B706-DF4A52909492}.Debug|Any CPU.ActiveCfg = Debug|Any CPU
		{DA2E23C0-A969-435A-B706-DF4A52909492}.Debug|Any CPU.Build.0 = Debug|Any CPU
		{DA2E23C0-A969-435A-B706-DF4A52909492}.DVD-5|Any CPU.ActiveCfg = Debug|Any CPU
		{DA2E23C0-A969-435A-B706-DF4A52909492}.DVD-5|Any CPU.Build.0 = Debug|Any CPU
		{DA2E23C0-A969-435A-B706-DF4A52909492}.Release|Any CPU.ActiveCfg = Release|Any CPU
		{DA2E23C0-A969-435A-B706-DF4A52909492}.Release|Any CPU.Build.0 = Release|Any CPU
		{DA2E23C0-A969-435A-B706-DF4A52909492}.SingleImage|Any CPU.ActiveCfg = Release|Any CPU
		{DA2E23C0-A969-435A-B706-DF4A52909492}.SingleImage|Any CPU.Build.0 = Release|Any CPU
		{358F9472-E875-4CBC-82A6-CDAF3835966F}.CD_ROM|Any CPU.ActiveCfg = Release|Any CPU
		{358F9472-E875-4CBC-82A6-CDAF3835966F}.CD_ROM|Any CPU.Build.0 = Release|Any CPU
		{358F9472-E875-4CBC-82A6-CDAF3835966F}.Debug|Any CPU.ActiveCfg = Debug|Any CPU
		{358F9472-E875-4CBC-82A6-CDAF3835966F}.Debug|Any CPU.Build.0 = Debug|Any CPU
		{358F9472-E875-4CBC-82A6-CDAF3835966F}.DVD-5|Any CPU.ActiveCfg = Debug|Any CPU
		{358F9472-E875-4CBC-82A6-CDAF3835966F}.DVD-5|Any CPU.Build.0 = Debug|Any CPU
		{358F9472-E875-4CBC-82A6-CDAF3835966F}.Release|Any CPU.ActiveCfg = Release|Any CPU
		{358F9472-E875-4CBC-82A6-CDAF3835966F}.Release|Any CPU.Build.0 = Release|Any CPU
		{358F9472-E875-4CBC-82A6-CDAF3835966F}.SingleImage|Any CPU.ActiveCfg = Release|Any CPU
		{358F9472-E875-4CBC-82A6-CDAF3835966F}.SingleImage|Any CPU.Build.0 = Release|Any CPU
	EndGlobalSection
	GlobalSection(SolutionProperties) = preSolution
		HideSolutionNode = FALSE
	EndGlobalSection
EndGlobal
